
Microsoft Visual Studio Solution File, Format Version 12.00
# Visual Studio Version 17
VisualStudioVersion = 17.5.33530.505
MinimumVisualStudioVersion = 10.0.40219.1
Project("{FAE04EC0-301F-11D3-BF4B-00C04F79EFBC}") = "8", "8\8.csproj", "{AEAB9FB1-ED70-4FA0-B0FD-B27B6B22E850}"
EndProject
Global
	GlobalSection(SolutionConfigurationPlatforms) = preSolution
		Debug|Any CPU = Debug|Any CPU
		Release|Any CPU = Release|Any CPU
	EndGlobalSection
	GlobalSection(ProjectConfigurationPlatforms) = postSolution
		{AEAB9FB1-ED70-4FA0-B0FD-B27B6B22E850}.Debug|Any CPU.ActiveCfg = Debug|Any CPU
		{AEAB9FB1-ED70-4FA0-B0FD-B27B6B22E850}.Debug|Any CPU.Build.0 = Debug|Any CPU
		{AEAB9FB1-ED70-4FA0-B0FD-B27B6B22E850}.Release|Any CPU.ActiveCfg = Release|Any CPU
		{AEAB9FB1-ED70-4FA0-B0FD-B27B6B22E850}.Release|Any CPU.Build.0 = Release|Any CPU
	EndGlobalSection
	GlobalSection(SolutionProperties) = preSolution
		HideSolutionNode = FALSE
	EndGlobalSection
	GlobalSection(ExtensibilityGlobals) = postSolution
		SolutionGuid = {F7E6AAF2-D1AE-4705-B776-AA98303515D0}
	EndGlobalSection
EndGlobal
